{
    "_readme": [
        "This file locks the dependencies of your project to a known state",
        "Read more about it at https://getcomposer.org/doc/01-basic-usage.md#installing-dependencies",
        "This file is @generated automatically"
    ],
    "content-hash": "137ce3cfbcb826ca59bd0c7f54eee5cb",
    "packages": [
        {
            "name": "cmb2/cmb2",
            "version": "v2.7.0",
            "source": {
                "type": "git",
                "url": "https://github.com/CMB2/CMB2.git",
                "reference": "438c26dda7ac110d0741448d65614b3ec6379034"
            },
            "dist": {
                "type": "zip",
                "url": "https://api.github.com/repos/CMB2/CMB2/zipball/438c26dda7ac110d0741448d65614b3ec6379034",
                "reference": "438c26dda7ac110d0741448d65614b3ec6379034",
                "shasum": ""
            },
            "require": {
                "php": ">5.2.4"
            },
            "require-dev": {
                "apigen/apigen": "4.1.2",
                "nette/utils": "2.5.3",
                "phpunit/phpunit": "6.5.13"
            },
            "suggest": {
                "composer/installers": "~1.0"
            },
            "type": "wordpress-plugin",
            "notification-url": "https://packagist.org/downloads/",
            "license": [
                "GPL-2.0-or-later"
            ],
            "authors": [
                {
                    "name": "Justin Sternberg",
                    "email": "justin@dsgnwrks.pro",
                    "homepage": "https://dsgnwrks.pro",
                    "role": "Developer"
                },
                {
                    "name": "WebDevStudios",
                    "email": "contact@webdevstudios.com",
                    "homepage": "https://github.com/WebDevStudios",
                    "role": "Developer"
                }
            ],
            "description": "CMB2 is a metabox, custom fields, and forms library for WordPress that will blow your mind.",
            "homepage": "https://github.com/CMB2/CMB2",
            "keywords": [
                "metabox",
                "plugin",
                "wordpress"
            ],
            "time": "2020-01-21T17:49:50+00:00"
        },
        {
            "name": "polupraneeth/cmb2-extension",
            "version": "v1.0.3",
            "source": {
                "type": "git",
                "url": "https://github.com/polupraneeth/cmb2-extension.git",
                "reference": "fead0a0fcc8897387b92c96e444de6f5f0ce1a4b"
            },
            "dist": {
                "type": "zip",
                "url": "https://api.github.com/repos/polupraneeth/cmb2-extension/zipball/fead0a0fcc8897387b92c96e444de6f5f0ce1a4b",
                "reference": "fead0a0fcc8897387b92c96e444de6f5f0ce1a4b",
                "shasum": ""
            },
            "require": {
                "php": ">5.2.4"
            },
            "require-dev": {
                "phpunit/phpunit": "3.7.*"
            },
            "suggest": {
                "composer/installers": "~1.0"
            },
            "type": "wordpress-plugin",
            "notification-url": "https://packagist.org/downloads/",
            "license": [
                "GPL-3.0+"
            ],
            "authors": [
                {
                    "name": "Praneeth Polu",
                    "email": "contact@polupraneeth.me",
                    "homepage": "https://github.com/polupraneeth/",
                    "role": "Developer"
                },
                {
                    "name": "Team StackAdriot",
                    "email": "contact@stackadroit.com",
                    "homepage": "https://github.com/stackadroit",
                    "role": "Developer"
                }
            ],
            "description": "This is a CMB2 Extension repository which help modify the default behavior of CMB2 and extends it's functionality.",
            "homepage": "https://github.com/polupraneeth/cmb2-extension",
            "keywords": [
                "CMB2",
                "cmb2-extension",
                "metabox",
                "plugin",
                "wordpress"
            ],
            "time": "2020-06-04T04:22:13+00:00"
        }
    ],
    "packages-dev": [],
    "aliases": [],
    "minimum-stability": "stable",
    "stability-flags": [],
    "prefer-stable": false,
    "prefer-lowest": false,
    "platform": [],
    "platform-dev": []
}
